{
  "name": "CA CLIC",
  "lockfileVersion": 3,
  "requires": true,
  "packages": {
    "": {
      "dependencies": {
        "@tsparticles/pjs": "^3.8.1",
        "vue-vanta-revamp": "^0.1.2"
      }
    },
    "node_modules/@tsparticles/engine": {
      "version": "3.8.1",
      "resolved": "https://registry.npmjs.org/@tsparticles/engine/-/engine-3.8.1.tgz",
      "integrity": "sha512-S8h10nuZfElY7oih//NUHnT5qf4v3/dnsU8CMs7dz5lBEGr3amrYrXk0V+YKPTIQwfdmJHUaSBoAqFiv4aEGIA==",
      "funding": [
        {
          "type": "github",
          "url": "https://github.com/sponsors/matteobruni"
        },
        {
          "type": "github",
          "url": "https://github.com/sponsors/tsparticles"
        },
        {
          "type": "buymeacoffee",
          "url": "https://www.buymeacoffee.com/matteobruni"
        }
      ],
      "hasInstallScript": true,
      "license": "MIT"
    },
    "node_modules/@tsparticles/pjs": {
      "version": "3.8.1",
      "resolved": "https://registry.npmjs.org/@tsparticles/pjs/-/pjs-3.8.1.tgz",
      "integrity": "sha512-EbgjtfxEkvIFpPW02TXbNt7U9Us/NJEDCybpXn+wGz/8judv49zXWs76jc++GUWeOp+8CPOokj0xyB7Z/5FmTg==",
      "funding": [
        {
          "type": "github",
          "url": "https://github.com/sponsors/matteobruni"
        },
        {
          "type": "github",
          "url": "https://github.com/sponsors/tsparticles"
        },
        {
          "type": "buymeacoffee",
          "url": "https://www.buymeacoffee.com/matteobruni"
        }
      ],
      "license": "MIT",
      "dependencies": {
        "@tsparticles/engine": "3.8.1"
      }
    },
    "node_modules/vue-vanta-revamp": {
      "version": "0.1.2",
      "resolved": "https://registry.npmjs.org/vue-vanta-revamp/-/vue-vanta-revamp-0.1.2.tgz",
      "integrity": "sha512-52U+KtlAMH/CYZf1TgHrj+Igx6vV3e+qKS0B2VGcUZGe13im4ZJDYaSDBSBkYuDfQP4gWbsoqtQuomtORP8Dvg==",
      "license": "ISC"
    }
  }
}
